
Microsoft Visual Studio Solution File, Format Version 12.00
# Visual Studio Version 17
VisualStudioVersion = 17.11.35327.3
MinimumVisualStudioVersion = 10.0.40219.1
Project("{FAE04EC0-301F-11D3-BF4B-00C04F79EFBC}") = "Task5", "Task5\Task5.csproj", "{877A1AF4-9B84-495A-9443-0167248DA96A}"
EndProject
Global
	GlobalSection(SolutionConfigurationPlatforms) = preSolution
		Debug|Any CPU = Debug|Any CPU
		Release|Any CPU = Release|Any CPU
	EndGlobalSection
	GlobalSection(ProjectConfigurationPlatforms) = postSolution
		{877A1AF4-9B84-495A-9443-0167248DA96A}.Debug|Any CPU.ActiveCfg = Debug|Any CPU
		{877A1AF4-9B84-495A-9443-0167248DA96A}.Debug|Any CPU.Build.0 = Debug|Any CPU
		{877A1AF4-9B84-495A-9443-0167248DA96A}.Release|Any CPU.ActiveCfg = Release|Any CPU
		{877A1AF4-9B84-495A-9443-0167248DA96A}.Release|Any CPU.Build.0 = Release|Any CPU
	EndGlobalSection
	GlobalSection(SolutionProperties) = preSolution
		HideSolutionNode = FALSE
	EndGlobalSection
	GlobalSection(ExtensibilityGlobals) = postSolution
		SolutionGuid = {2446484D-9907-499B-A7AB-0BA8A17B091C}
	EndGlobalSection
EndGlobal
